
Microsoft Visual Studio Solution File, Format Version 12.00
# Visual Studio Version 16
VisualStudioVersion = 16.0.30204.135
MinimumVisualStudioVersion = 10.0.40219.1
Project("{FAE04EC0-301F-11D3-BF4B-00C04F79EFBC}") = "projecto teste", "projecto teste\projecto teste.csproj", "{DA8C3994-C2B5-4A86-9E17-BEF546638C4E}"
EndProject
Global
	GlobalSection(SolutionConfigurationPlatforms) = preSolution
		Debug|Any CPU = Debug|Any CPU
		Release|Any CPU = Release|Any CPU
	EndGlobalSection
	GlobalSection(ProjectConfigurationPlatforms) = postSolution
		{DA8C3994-C2B5-4A86-9E17-BEF546638C4E}.Debug|Any CPU.ActiveCfg = Debug|Any CPU
		{DA8C3994-C2B5-4A86-9E17-BEF546638C4E}.Debug|Any CPU.Build.0 = Debug|Any CPU
		{DA8C3994-C2B5-4A86-9E17-BEF546638C4E}.Release|Any CPU.ActiveCfg = Release|Any CPU
		{DA8C3994-C2B5-4A86-9E17-BEF546638C4E}.Release|Any CPU.Build.0 = Release|Any CPU
	EndGlobalSection
	GlobalSection(SolutionProperties) = preSolution
		HideSolutionNode = FALSE
	EndGlobalSection
	GlobalSection(ExtensibilityGlobals) = postSolution
		SolutionGuid = {35BB4823-C697-461E-81FB-10870995BB32}
	EndGlobalSection
EndGlobal
